
Microsoft Visual Studio Solution File, Format Version 12.00
# Visual Studio Version 17
VisualStudioVersion = 17.1.32414.318
MinimumVisualStudioVersion = 15.0.26124.0
Project("{2150E333-8FDC-42A3-9474-1A3956D46DE8}") = "Solution Items", "Solution Items", "{7A3A7595-66D1-4690-BF96-521F787946A8}"
	ProjectSection(SolutionItems) = preProject
		README.md = README.md
	EndProjectSection
EndProject
Project("{9A19103F-16F7-4668-BE54-9A1E7A4F7556}") = "Xtensible.TusDotNetClient", "src\Xtensible.TusDotNetClient\Xtensible.TusDotNetClient.csproj", "{286D4881-DA16-4904-9117-30A34CD1FF45}"
EndProject
Project("{9A19103F-16F7-4668-BE54-9A1E7A4F7556}") = "Xtensible.TusDotNetClient.Tests", "tests\Xtensible.TusDotNetClient.Tests\Xtensible.TusDotNetClient.Tests.csproj", "{77D98E76-289A-406A-8873-42C0E569FF61}"
EndProject
Global
	GlobalSection(SolutionConfigurationPlatforms) = preSolution
		Debug|Any CPU = Debug|Any CPU
		Release|Any CPU = Release|Any CPU
	EndGlobalSection
	GlobalSection(ProjectConfigurationPlatforms) = postSolution
		{286D4881-DA16-4904-9117-30A34CD1FF45}.Debug|Any CPU.ActiveCfg = Debug|Any CPU
		{286D4881-DA16-4904-9117-30A34CD1FF45}.Debug|Any CPU.Build.0 = Debug|Any CPU
		{286D4881-DA16-4904-9117-30A34CD1FF45}.Release|Any CPU.ActiveCfg = Release|Any CPU
		{286D4881-DA16-4904-9117-30A34CD1FF45}.Release|Any CPU.Build.0 = Release|Any CPU
		{77D98E76-289A-406A-8873-42C0E569FF61}.Debug|Any CPU.ActiveCfg = Debug|Any CPU
		{77D98E76-289A-406A-8873-42C0E569FF61}.Debug|Any CPU.Build.0 = Debug|Any CPU
		{77D98E76-289A-406A-8873-42C0E569FF61}.Release|Any CPU.ActiveCfg = Release|Any CPU
		{77D98E76-289A-406A-8873-42C0E569FF61}.Release|Any CPU.Build.0 = Release|Any CPU
	EndGlobalSection
	GlobalSection(SolutionProperties) = preSolution
		HideSolutionNode = FALSE
	EndGlobalSection
	GlobalSection(ExtensibilityGlobals) = postSolution
		SolutionGuid = {6793B455-50CF-4127-8891-EA7AB167DA07}
	EndGlobalSection
EndGlobal
